
Microsoft Visual Studio Solution File, Format Version 12.00
# Visual Studio 15
VisualStudioVersion = 15.0.28307.421
MinimumVisualStudioVersion = 10.0.40219.1
Project("{FAE04EC0-301F-11D3-BF4B-00C04F79EFBC}") = "StringIO_TextView", "StringIO_TextView\StringIO_TextView.csproj", "{7E056679-60A9-4EBD-9131-1733A415FAE5}"
EndProject
Global
	GlobalSection(SolutionConfigurationPlatforms) = preSolution
		Debug|Any CPU = Debug|Any CPU
		Release|Any CPU = Release|Any CPU
	EndGlobalSection
	GlobalSection(ProjectConfigurationPlatforms) = postSolution
		{7E056679-60A9-4EBD-9131-1733A415FAE5}.Debug|Any CPU.ActiveCfg = Debug|Any CPU
		{7E056679-60A9-4EBD-9131-1733A415FAE5}.Debug|Any CPU.Build.0 = Debug|Any CPU
		{7E056679-60A9-4EBD-9131-1733A415FAE5}.Release|Any CPU.ActiveCfg = Release|Any CPU
		{7E056679-60A9-4EBD-9131-1733A415FAE5}.Release|Any CPU.Build.0 = Release|Any CPU
	EndGlobalSection
	GlobalSection(SolutionProperties) = preSolution
		HideSolutionNode = FALSE
	EndGlobalSection
	GlobalSection(ExtensibilityGlobals) = postSolution
		SolutionGuid = {A95C80F7-F029-41C8-A10E-5A415A7E4BDE}
	EndGlobalSection
EndGlobal
